
Microsoft Visual Studio Solution File, Format Version 12.00
# Visual Studio Version 16
VisualStudioVersion = 16.0.32106.194
MinimumVisualStudioVersion = 10.0.40219.1
Project("{8BC9CEB8-8B4A-11D0-8D11-00A0C91BC942}") = "Danawa", "Danawa.vcxproj", "{4DBF1185-C4E2-45E5-96BA-C2557B60528C}"
EndProject
Global
	GlobalSection(SolutionConfigurationPlatforms) = preSolution
		Debug|x64 = Debug|x64
		Debug|x86 = Debug|x86
		Release|x64 = Release|x64
		Release|x86 = Release|x86
	EndGlobalSection
	GlobalSection(ProjectConfigurationPlatforms) = postSolution
		{4DBF1185-C4E2-45E5-96BA-C2557B60528C}.Debug|x64.ActiveCfg = Debug|x64
		{4DBF1185-C4E2-45E5-96BA-C2557B60528C}.Debug|x64.Build.0 = Debug|x64
		{4DBF1185-C4E2-45E5-96BA-C2557B60528C}.Debug|x86.ActiveCfg = Debug|Win32
		{4DBF1185-C4E2-45E5-96BA-C2557B60528C}.Debug|x86.Build.0 = Debug|Win32
		{4DBF1185-C4E2-45E5-96BA-C2557B60528C}.Release|x64.ActiveCfg = Release|x64
		{4DBF1185-C4E2-45E5-96BA-C2557B60528C}.Release|x64.Build.0 = Release|x64
		{4DBF1185-C4E2-45E5-96BA-C2557B60528C}.Release|x86.ActiveCfg = Release|Win32
		{4DBF1185-C4E2-45E5-96BA-C2557B60528C}.Release|x86.Build.0 = Release|Win32
	EndGlobalSection
	GlobalSection(SolutionProperties) = preSolution
		HideSolutionNode = FALSE
	EndGlobalSection
	GlobalSection(ExtensibilityGlobals) = postSolution
		SolutionGuid = {981F77D0-4041-409D-968E-8CAE85D7CA75}
	EndGlobalSection
EndGlobal
